// !$*UTF8*$!
{
	archiveVersion = 1;
	classes = {
	};
	objectVersion = 55;
	objects = {

/* Begin PBXBuildFile section */
		04F30AB02B32E7CA002A40F7 /* AppDelegate.swift in Sources */ = {isa = PBXBuildFile; fileRef = 04F30AAF2B32E7CA002A40F7 /* AppDelegate.swift */; };
		04F30AB22B32E7CA002A40F7 /* SceneDelegate.swift in Sources */ = {isa = PBXBuildFile; fileRef = 04F30AB12B32E7CA002A40F7 /* SceneDelegate.swift */; };
		04F30AB42B32E7CA002A40F7 /* ViewController.swift in Sources */ = {isa = PBXBuildFile; fileRef = 04F30AB32B32E7CA002A40F7 /* ViewController.swift */; };
		04F30AB72B32E7CA002A40F7 /* Main.storyboard in Resources */ = {isa = PBXBuildFile; fileRef = 04F30AB52B32E7CA002A40F7 /* Main.storyboard */; };
		04F30AB92B32E7CC002A40F7 /* Assets.xcassets in Resources */ = {isa = PBXBuildFile; fileRef = 04F30AB82B32E7CC002A40F7 /* Assets.xcassets */; };
		04F30ABC2B32E7CC002A40F7 /* LaunchScreen.storyboard in Resources */ = {isa = PBXBuildFile; fileRef = 04F30ABA2B32E7CC002A40F7 /* LaunchScreen.storyboard */; };
		04F30AC52B32E83A002A40F7 /* PostTableViewCell.swift in Sources */ = {isa = PBXBuildFile; fileRef = 04F30AC32B32E83A002A40F7 /* PostTableViewCell.swift */; };
		04F30AC62B32E83A002A40F7 /* PostTableViewCell.xib in Resources */ = {isa = PBXBuildFile; fileRef = 04F30AC42B32E83A002A40F7 /* PostTableViewCell.xib */; };
		04F30AC82B32EACC002A40F7 /* Post.swift in Sources */ = {isa = PBXBuildFile; fileRef = 04F30AC72B32EACC002A40F7 /* Post.swift */; };
/* End PBXBuildFile section */

/* Begin PBXFileReference section */
		04F30AAC2B32E7CA002A40F7 /* FetchDataFromApiAssignment3TableView.app */ = {isa = PBXFileReference; explicitFileType = wrapper.application; includeInIndex = 0; path = FetchDataFromApiAssignment3TableView.app; sourceTree = BUILT_PRODUCTS_DIR; };
		04F30AAF2B32E7CA002A40F7 /* AppDelegate.swift */ = {isa = PBXFileReference; lastKnownFileType = sourcecode.swift; path = AppDelegate.swift; sourceTree = "<group>"; };
		04F30AB12B32E7CA002A40F7 /* SceneDelegate.swift */ = {isa = PBXFileReference; lastKnownFileType = sourcecode.swift; path = SceneDelegate.swift; sourceTree = "<group>"; };
		04F30AB32B32E7CA002A40F7 /* ViewController.swift */ = {isa = PBXFileReference; lastKnownFileType = sourcecode.swift; path = ViewController.swift; sourceTree = "<group>"; };
		04F30AB62B32E7CA002A40F7 /* Base */ = {isa = PBXFileReference; lastKnownFileType = file.storyboard; name = Base; path = Base.lproj/Main.storyboard; sourceTree = "<group>"; };
		04F30AB82B32E7CC002A40F7 /* Assets.xcassets */ = {isa = PBXFileReference; lastKnownFileType = folder.assetcatalog; path = Assets.xcassets; sourceTree = "<group>"; };
		04F30ABB2B32E7CC002A40F7 /* Base */ = {isa = PBXFileReference; lastKnownFileType = file.storyboard; name = Base; path = Base.lproj/LaunchScreen.storyboard; sourceTree = "<group>"; };
		04F30ABD2B32E7CC002A40F7 /* Info.plist */ = {isa = PBXFileReference; lastKnownFileType = text.plist.xml; path = Info.plist; sourceTree = "<group>"; };
		04F30AC32B32E83A002A40F7 /* PostTableViewCell.swift */ = {isa = PBXFileReference; lastKnownFileType = sourcecode.swift; path = PostTableViewCell.swift; sourceTree = "<group>"; };
		04F30AC42B32E83A002A40F7 /* PostTableViewCell.xib */ = {isa = PBXFileReference; lastKnownFileType = file.xib; path = PostTableViewCell.xib; sourceTree = "<group>"; };
		04F30AC72B32EACC002A40F7 /* Post.swift */ = {isa = PBXFileReference; lastKnownFileType = sourcecode.swift; path = Post.swift; sourceTree = "<group>"; };
/* End PBXFileReference section */

/* Begin PBXFrameworksBuildPhase section */
		04F30AA92B32E7CA002A40F7 /* Frameworks */ = {
			isa = PBXFrameworksBuildPhase;
			buildActionMask = 2147483647;
			files = (
			);
			runOnlyForDeploymentPostprocessing = 0;
		};
/* End PBXFrameworksBuildPhase section */

/* Begin PBXGroup section */
		04F30AA32B32E7CA002A40F7 = {
			isa = PBXGroup;
			children = (
				04F30AAE2B32E7CA002A40F7 /* FetchDataFromApiAssignment3TableView */,
				04F30AAD2B32E7CA002A40F7 /* Products */,
			);
			sourceTree = "<group>";
		};
		04F30AAD2B32E7CA002A40F7 /* Products */ = {
			isa = PBXGroup;
			children = (
				04F30AAC2B32E7CA002A40F7 /* FetchDataFromApiAssignment3TableView.app */,
			);
			name = Products;
			sourceTree = "<group>";
		};
		04F30AAE2B32E7CA002A40F7 /* FetchDataFromApiAssignment3TableView */ = {
			isa = PBXGroup;
			children = (
				04F30AAF2B32E7CA002A40F7 /* AppDelegate.swift */,
				04F30AC72B32EACC002A40F7 /* Post.swift */,
				04F30AC32B32E83A002A40F7 /* PostTableViewCell.swift */,
				04F30AC42B32E83A002A40F7 /* PostTableViewCell.xib */,
				04F30AB12B32E7CA002A40F7 /* SceneDelegate.swift */,
				04F30AB32B32E7CA002A40F7 /* ViewController.swift */,
				04F30AB52B32E7CA002A40F7 /* Main.storyboard */,
				04F30AB82B32E7CC002A40F7 /* Assets.xcassets */,
				04F30ABA2B32E7CC002A40F7 /* LaunchScreen.storyboard */,
				04F30ABD2B32E7CC002A40F7 /* Info.plist */,
			);
			path = FetchDataFromApiAssignment3TableView;
			sourceTree = "<group>";
		};
/* End PBXGroup section */

/* Begin PBXNativeTarget section */
		04F30AAB2B32E7CA002A40F7 /* FetchDataFromApiAssignment3TableView */ = {
			isa = PBXNativeTarget;
			buildConfigurationList = 04F30AC02B32E7CC002A40F7 /* Build configuration list for PBXNativeTarget "FetchDataFromApiAssignment3TableView" */;
			buildPhases = (
				04F30AA82B32E7CA002A40F7 /* Sources */,
				04F30AA92B32E7CA002A40F7 /* Frameworks */,
				04F30AAA2B32E7CA002A40F7 /* Resources */,
			);
			buildRules = (
			);
			dependencies = (
			);
			name = FetchDataFromApiAssignment3TableView;
			productName = FetchDataFromApiAssignment3TableView;
			productReference = 04F30AAC2B32E7CA002A40F7 /* FetchDataFromApiAssignment3TableView.app */;
			productType = "com.apple.product-type.application";
		};
/* End PBXNativeTarget section */

/* Begin PBXProject section */
		04F30AA42B32E7CA002A40F7 /* Project object */ = {
			isa = PBXProject;
			attributes = {
				BuildIndependentTargetsInParallel = 1;
				LastSwiftUpdateCheck = 1340;
				LastUpgradeCheck = 1340;
				TargetAttributes = {
					04F30AAB2B32E7CA002A40F7 = {
						CreatedOnToolsVersion = 13.4.1;
					};
				};
			};
			buildConfigurationList = 04F30AA72B32E7CA002A40F7 /* Build configuration list for PBXProject "FetchDataFromApiAssignment3TableView" */;
			compatibilityVersion = "Xcode 13.0";
			developmentRegion = en;
			hasScannedForEncodings = 0;
			knownRegions = (
				en,
				Base,
			);
			mainGroup = 04F30AA32B32E7CA002A40F7;
			productRefGroup = 04F30AAD2B32E7CA002A40F7 /* Products */;
			projectDirPath = "";
			projectRoot = "";
			targets = (
				04F30AAB2B32E7CA002A40F7 /* FetchDataFromApiAssignment3TableView */,
			);
		};
/* End PBXProject section */

/* Begin PBXResourcesBuildPhase section */
		04F30AAA2B32E7CA002A40F7 /* Resources */ = {
			isa = PBXResourcesBuildPhase;
			buildActionMask = 2147483647;
			files = (
				04F30ABC2B32E7CC002A40F7 /* LaunchScreen.storyboard in Resources */,
				04F30AB92B32E7CC002A40F7 /* Assets.xcassets in Resources */,
				04F30AB72B32E7CA002A40F7 /* Main.storyboard in Resources */,
				04F30AC62B32E83A002A40F7 /* PostTableViewCell.xib in Resources */,
			);
			runOnlyForDeploymentPostprocessing = 0;
		};
/* End PBXResourcesBuildPhase section */

/* Begin PBXSourcesBuildPhase section */
		04F30AA82B32E7CA002A40F7 /* Sources */ = {
			isa = PBXSourcesBuildPhase;
			buildActionMask = 2147483647;
			files = (
				04F30AB42B32E7CA002A40F7 /* ViewController.swift in Sources */,
				04F30AB02B32E7CA002A40F7 /* AppDelegate.swift in Sources */,
				04F30AB22B32E7CA002A40F7 /* SceneDelegate.swift in Sources */,
				04F30AC52B32E83A002A40F7 /* PostTableViewCell.swift in Sources */,
				04F30AC82B32EACC002A40F7 /* Post.swift in Sources */,
			);
			runOnlyForDeploymentPostprocessing = 0;
		};
/* End PBXSourcesBuildPhase section */

/* Begin PBXVariantGroup section */
		04F30AB52B32E7CA002A40F7 /* Main.storyboard */ = {
			isa = PBXVariantGroup;
			children = (
				04F30AB62B32E7CA002A40F7 /* Base */,
			);
			name = Main.storyboard;
			sourceTree = "<group>";
		};
		04F30ABA2B32E7CC002A40F7 /* LaunchScreen.storyboard */ = {
			isa = PBXVariantGroup;
			children = (
				04F30ABB2B32E7CC002A40F7 /* Base */,
			);
			name = LaunchScreen.storyboard;
			sourceTree = "<group>";
		};
/* End PBXVariantGroup section */

/* Begin XCBuildConfiguration section */
		04F30ABE2B32E7CC002A40F7 /* Debug */ = {
			isa = XCBuildConfiguration;
			buildSettings = {
				ALWAYS_SEARCH_USER_PATHS = NO;
				CLANG_ANALYZER_NONNULL = YES;
				CLANG_ANALYZER_NUMBER_OBJECT_CONVERSION = YES_AGGRESSIVE;
				CLANG_CXX_LANGUAGE_STANDARD = "gnu++17";
				CLANG_ENABLE_MODULES = YES;
				CLANG_ENABLE_OBJC_ARC = YES;
				CLANG_ENABLE_OBJC_WEAK = YES;
				CLANG_WARN_BLOCK_CAPTURE_AUTORELEASING = YES;
				CLANG_WARN_BOOL_CONVERSION = YES;
				CLANG_WARN_COMMA = YES;
				CLANG_WARN_CONSTANT_CONVERSION = YES;
				CLANG_WARN_DEPRECATED_OBJC_IMPLEMENTATIONS = YES;
				CLANG_WARN_DIRECT_OBJC_ISA_USAGE = YES_ERROR;
				CLANG_WARN_DOCUMENTATION_COMMENTS = YES;
				CLANG_WARN_EMPTY_BODY = YES;
				CLANG_WARN_ENUM_CONVERSION = YES;
				CLANG_WARN_INFINITE_RECURSION = YES;
				CLANG_WARN_INT_CONVERSION = YES;
				CLANG_WARN_NON_LITERAL_NULL_CONVERSION = YES;
				CLANG_WARN_OBJC_IMPLICIT_RETAIN_SELF = YES;
				CLANG_WARN_OBJC_LITERAL_CONVERSION = YES;
				CLANG_WARN_OBJC_ROOT_CLASS = YES_ERROR;
				CLANG_WARN_QUOTED_INCLUDE_IN_FRAMEWORK_HEADER = YES;
				CLANG_WARN_RANGE_LOOP_ANALYSIS = YES;
				CLANG_WARN_STRICT_PROTOTYPES = YES;
				CLANG_WARN_SUSPICIOUS_MOVE = YES;
				CLANG_WARN_UNGUARDED_AVAILABILITY = YES_AGGRESSIVE;
				CLANG_WARN_UNREACHABLE_CODE = YES;
				CLANG_WARN__DUPLICATE_METHOD_MATCH = YES;
				COPY_PHASE_STRIP = NO;
				DEBUG_INFORMATION_FORMAT = dwarf;
				ENABLE_STRICT_OBJC_MSGSEND = YES;
				ENABLE_TESTABILITY = YES;
				GCC_C_LANGUAGE_STANDARD = gnu11;
				GCC_DYNAMIC_NO_PIC = NO;
				GCC_NO_COMMON_BLOCKS = YES;
				GCC_OPTIMIZATION_LEVEL = 0;
				GCC_PREPROCESSOR_DEFINITIONS = (
					"DEBUG=1",
					"$(inherited)",
				);
				GCC_WARN_64_TO_32_BIT_CONVERSION = YES;
				GCC_WARN_ABOUT_RETURN_TYPE = YES_ERROR;
				GCC_WARN_UNDECLARED_SELECTOR = YES;
				GCC_WARN_UNINITIALIZED_AUTOS = YES_AGGRESSIVE;
				GCC_WARN_UNUSED_FUNCTION = YES;
				GCC_WARN_UNUSED_VARIABLE = YES;
				IPHONEOS_DEPLOYMENT_TARGET = 15.5;
				MTL_ENABLE_DEBUG_INFO = INCLUDE_SOURCE;
				MTL_FAST_MATH = YES;
				ONLY_ACTIVE_ARCH = YES;
				SDKROOT = iphoneos;
				SWIFT_ACTIVE_COMPILATION_CONDITIONS = DEBUG;
				SWIFT_OPTIMIZATION_LEVEL = "-Onone";
			};
			name = Debug;
		};
		04F30ABF2B32E7CC002A40F7 /* Release */ = {
			isa = XCBuildConfiguration;
			buildSettings = {
				ALWAYS_SEARCH_USER_PATHS = NO;
				CLANG_ANALYZER_NONNULL = YES;
				CLANG_ANALYZER_NUMBER_OBJECT_CONVERSION = YES_AGGRESSIVE;
				CLANG_CXX_LANGUAGE_STANDARD = "gnu++17";
				CLANG_ENABLE_MODULES = YES;
				CLANG_ENABLE_OBJC_ARC = YES;
				CLANG_ENABLE_OBJC_WEAK = YES;
				CLANG_WARN_BLOCK_CAPTURE_AUTORELEASING = YES;
				CLANG_WARN_BOOL_CONVERSION = YES;
				CLANG_WARN_COMMA = YES;
				CLANG_WARN_CONSTANT_CONVERSION = YES;
				CLANG_WARN_DEPRECATED_OBJC_IMPLEMENTATIONS = YES;
				CLANG_WARN_DIRECT_OBJC_ISA_USAGE = YES_ERROR;
				CLANG_WARN_DOCUMENTATION_COMMENTS = YES;
				CLANG_WARN_EMPTY_BODY = YES;
				CLANG_WARN_ENUM_CONVERSION = YES;
				CLANG_WARN_INFINITE_RECURSION = YES;
				CLANG_WARN_INT_CONVERSION = YES;
				CLANG_WARN_NON_LITERAL_NULL_CONVERSION = YES;
				CLANG_WARN_OBJC_IMPLICIT_RETAIN_SELF = YES;
				CLANG_WARN_OBJC_LITERAL_CONVERSION = YES;
				CLANG_WARN_OBJC_ROOT_CLASS = YES_ERROR;
				CLANG_WARN_QUOTED_INCLUDE_IN_FRAMEWORK_HEADER = YES;
				CLANG_WARN_RANGE_LOOP_ANALYSIS = YES;
				CLANG_WARN_STRICT_PROTOTYPES = YES;
				CLANG_WARN_SUSPICIOUS_MOVE = YES;
				CLANG_WARN_UNGUARDED_AVAILABILITY = YES_AGGRESSIVE;
				CLANG_WARN_UNREACHABLE_CODE = YES;
				CLANG_WARN__DUPLICATE_METHOD_MATCH = YES;
				COPY_PHASE_STRIP = NO;
				DEBUG_INFORMATION_FORMAT = "dwarf-with-dsym";
				ENABLE_NS_ASSERTIONS = NO;
				ENABLE_STRICT_OBJC_MSGSEND = YES;
				GCC_C_LANGUAGE_STANDARD = gnu11;
				GCC_NO_COMMON_BLOCKS = YES;
				GCC_WARN_64_TO_32_BIT_CONVERSION = YES;
				GCC_WARN_ABOUT_RETURN_TYPE = YES_ERROR;
				GCC_WARN_UNDECLARED_SELECTOR = YES;
				GCC_WARN_UNINITIALIZED_AUTOS = YES_AGGRESSIVE;
				GCC_WARN_UNUSED_FUNCTION = YES;
				GCC_WARN_UNUSED_VARIABLE = YES;
				IPHONEOS_DEPLOYMENT_TARGET = 15.5;
				MTL_ENABLE_DEBUG_INFO = NO;
				MTL_FAST_MATH = YES;
				SDKROOT = iphoneos;
				SWIFT_COMPILATION_MODE = wholemodule;
				SWIFT_OPTIMIZATION_LEVEL = "-O";
				VALIDATE_PRODUCT = YES;
			};
			name = Release;
		};
		04F30AC12B32E7CC002A40F7 /* Debug */ = {
			isa = XCBuildConfiguration;
			buildSettings = {
				ASSETCATALOG_COMPILER_APPICON_NAME = AppIcon;
				ASSETCATALOG_COMPILER_GLOBAL_ACCENT_COLOR_NAME = AccentColor;
				CODE_SIGN_STYLE = Automatic;
				CURRENT_PROJECT_VERSION = 1;
				GENERATE_INFOPLIST_FILE = YES;
				INFOPLIST_FILE = FetchDataFromApiAssignment3TableView/Info.plist;
				INFOPLIST_KEY_UIApplicationSupportsIndirectInputEvents = YES;
				INFOPLIST_KEY_UILaunchStoryboardName = LaunchScreen;
				INFOPLIST_KEY_UIMainStoryboardFile = Main;
				INFOPLIST_KEY_UISupportedInterfaceOrientations_iPad = "UIInterfaceOrientationPortrait UIInterfaceOrientationPortraitUpsideDown UIInterfaceOrientationLandscapeLeft UIInterfaceOrientationLandscapeRight";
				INFOPLIST_KEY_UISupportedInterfaceOrientations_iPhone = "UIInterfaceOrientationPortrait UIInterfaceOrientationLandscapeLeft UIInterfaceOrientationLandscapeRight";
				LD_RUNPATH_SEARCH_PATHS = (
					"$(inherited)",
					"@executable_path/Frameworks",
				);
				MARKETING_VERSION = 1.0;
				PRODUCT_BUNDLE_IDENTIFIER = in.bitcode.FetchDataFromApiAssignment3TableView;
				PRODUCT_NAME = "$(TARGET_NAME)";
				SWIFT_EMIT_LOC_STRINGS = YES;
				SWIFT_VERSION = 5.0;
				TARGETED_DEVICE_FAMILY = "1,2";
			};
			name = Debug;
		};
		04F30AC22B32E7CC002A40F7 /* Release */ = {
			isa = XCBuildConfiguration;
			buildSettings = {
				ASSETCATALOG_COMPILER_APPICON_NAME = AppIcon;
				ASSETCATALOG_COMPILER_GLOBAL_ACCENT_COLOR_NAME = AccentColor;
				CODE_SIGN_STYLE = Automatic;
				CURRENT_PROJECT_VERSION = 1;
				GENERATE_INFOPLIST_FILE = YES;
				INFOPLIST_FILE = FetchDataFromApiAssignment3TableView/Info.plist;
				INFOPLIST_KEY_UIApplicationSupportsIndirectInputEvents = YES;
				INFOPLIST_KEY_UILaunchStoryboardName = LaunchScreen;
				INFOPLIST_KEY_UIMainStoryboardFile = Main;
				INFOPLIST_KEY_UISupportedInterfaceOrientations_iPad = "UIInterfaceOrientationPortrait UIInterfaceOrientationPortraitUpsideDown UIInterfaceOrientationLandscapeLeft UIInterfaceOrientationLandscapeRight";
				INFOPLIST_KEY_UISupportedInterfaceOrientations_iPhone = "UIInterfaceOrientationPortrait UIInterfaceOrientationLandscapeLeft UIInterfaceOrientationLandscapeRight";
				LD_RUNPATH_SEARCH_PATHS = (
					"$(inherited)",
					"@executable_path/Frameworks",
				);
				MARKETING_VERSION = 1.0;
				PRODUCT_BUNDLE_IDENTIFIER = in.bitcode.FetchDataFromApiAssignment3TableView;
				PRODUCT_NAME = "$(TARGET_NAME)";
				SWIFT_EMIT_LOC_STRINGS = YES;
				SWIFT_VERSION = 5.0;
				TARGETED_DEVICE_FAMILY = "1,2";
			};
			name = Release;
		};
/* End XCBuildConfiguration section */

/* Begin XCConfigurationList section */
		04F30AA72B32E7CA002A40F7 /* Build configuration list for PBXProject "FetchDataFromApiAssignment3TableView" */ = {
			isa = XCConfigurationList;
			buildConfigurations = (
				04F30ABE2B32E7CC002A40F7 /* Debug */,
				04F30ABF2B32E7CC002A40F7 /* Release */,
			);
			defaultConfigurationIsVisible = 0;
			defaultConfigurationName = Release;
		};
		04F30AC02B32E7CC002A40F7 /* Build configuration list for PBXNativeTarget "FetchDataFromApiAssignment3TableView" */ = {
			isa = XCConfigurationList;
			buildConfigurations = (
				04F30AC12B32E7CC002A40F7 /* Debug */,
				04F30AC22B32E7CC002A40F7 /* Release */,
			);
			defaultConfigurationIsVisible = 0;
			defaultConfigurationName = Release;
		};
/* End XCConfigurationList section */
	};
	rootObject = 04F30AA42B32E7CA002A40F7 /* Project object */;
}
